
Microsoft Visual Studio Solution File, Format Version 12.00
# Visual Studio 2013
VisualStudioVersion = 12.0.40629.0
MinimumVisualStudioVersion = 10.0.40219.1
Project("{8BC9CEB8-8B4A-11D0-8D11-00A0C91BC942}") = "Tree", "Tree\Tree.vcxproj", "{5AE97155-7DC6-4AD7-B838-9E6FD5A77CAC}"
EndProject
Global
	GlobalSection(SolutionConfigurationPlatforms) = preSolution
		Debug|Win32 = Debug|Win32
		Release|Win32 = Release|Win32
	EndGlobalSection
	GlobalSection(ProjectConfigurationPlatforms) = postSolution
		{5AE97155-7DC6-4AD7-B838-9E6FD5A77CAC}.Debug|Win32.ActiveCfg = Debug|Win32
		{5AE97155-7DC6-4AD7-B838-9E6FD5A77CAC}.Debug|Win32.Build.0 = Debug|Win32
		{5AE97155-7DC6-4AD7-B838-9E6FD5A77CAC}.Release|Win32.ActiveCfg = Release|Win32
		{5AE97155-7DC6-4AD7-B838-9E6FD5A77CAC}.Release|Win32.Build.0 = Release|Win32
	EndGlobalSection
	GlobalSection(SolutionProperties) = preSolution
		HideSolutionNode = FALSE
	EndGlobalSection
EndGlobal
